
Microsoft Visual Studio Solution File, Format Version 12.00
# Visual Studio Version 16
VisualStudioVersion = 16.0.808.9
MinimumVisualStudioVersion = 10.0.40219.1
Project("{FAE04EC0-301F-11D3-BF4B-00C04F79EFBC}") = "C_Sharp_Methods", "C_Sharp_Methods\C_Sharp_Methods.csproj", "{12255713-DD7E-4176-B9C5-180DD75CAABF}"
EndProject
Global
	GlobalSection(SolutionConfigurationPlatforms) = preSolution
		Debug|Any CPU = Debug|Any CPU
		Release|Any CPU = Release|Any CPU
	EndGlobalSection
	GlobalSection(ProjectConfigurationPlatforms) = postSolution
		{12255713-DD7E-4176-B9C5-180DD75CAABF}.Debug|Any CPU.ActiveCfg = Debug|Any CPU
		{12255713-DD7E-4176-B9C5-180DD75CAABF}.Debug|Any CPU.Build.0 = Debug|Any CPU
		{12255713-DD7E-4176-B9C5-180DD75CAABF}.Release|Any CPU.ActiveCfg = Release|Any CPU
		{12255713-DD7E-4176-B9C5-180DD75CAABF}.Release|Any CPU.Build.0 = Release|Any CPU
	EndGlobalSection
	GlobalSection(SolutionProperties) = preSolution
		HideSolutionNode = FALSE
	EndGlobalSection
	GlobalSection(ExtensibilityGlobals) = postSolution
		SolutionGuid = {1C5CF0BC-9431-400B-AC4B-58A01D4C9DEE}
	EndGlobalSection
EndGlobal
